{
  "name": "viedo-search",
  "requires": true,
  "lockfileVersion": 1,
  "dependencies": {
    "axios": {
      "version": "0.19.2",
      "resolved": "https://registry.npmjs.org/axios/-/axios-0.19.2.tgz",
      "integrity": "sha512-fjgm5MvRHLhx+osE2xoekY70AhARk3a6hkN+3Io1jc00jtquGvxYlKlsFUhmUET0V5te6CcZI7lcv2Ym61mjHA==",
      "requires": {
        "follow-redirects": "1.5.10"
      }
    },
    "debug": {
      "version": "3.1.0",
      "resolved": "https://registry.npmjs.org/debug/-/debug-3.1.0.tgz",
      "integrity": "sha512-OX8XqP7/1a9cqkxYw2yXss15f26NKWBpDXQd0/uK/KPqdQhxbPa994hnzjcE2VqQpDslf55723cKPUOGSmMY3g==",
      "requires": {
        "ms": "2.0.0"
      }
    },
    "follow-redirects": {
      "version": "1.5.10",
      "resolved": "https://registry.npmjs.org/follow-redirects/-/follow-redirects-1.5.10.tgz",
      "integrity": "sha512-0V5l4Cizzvqt5D44aTXbFZz+FtyXV1vrDN6qrelxtfYQKW0KO0W2T/hkE8xvGa/540LkZlkaUjO4ailYTFtHVQ==",
      "requires": {
        "debug": "=3.1.0"
      }
    },
    "he": {
      "version": "1.1.1",
      "resolved": "https://registry.npm.taobao.org/he/download/he-1.1.1.tgz",
      "integrity": "sha1-k0EP0hsAlzUVH4howvJx80J+I/0="
    },
    "http-crawler": {
      "version": "1.0.1",
      "resolved": "https://registry.npmjs.org/http-crawler/-/http-crawler-1.0.1.tgz",
      "integrity": "sha512-9Bt8NY3+vIQRGKOBvEaFaOeBHkzEzod0M4KFUlPKY23VQHf3dfH5AebgpXxc0pZ3PvFaWQrBDgxbUl2K3o9l+A==",
      "requires": {
        "axios": "^0.19.2",
        "jmespath": "^0.15.0",
        "node-html-parser": "^1.2.20",
        "qs": "^6.9.4"
      }
    },
    "jmespath": {
      "version": "0.15.0",
      "resolved": "https://registry.npmjs.org/jmespath/-/jmespath-0.15.0.tgz",
      "integrity": "sha1-o/Iiqarp+Wb10nx5ZRDigJF2Qhc="
    },
    "js-base64": {
      "version": "2.6.2",
      "resolved": "https://registry.npm.taobao.org/js-base64/download/js-base64-2.6.2.tgz?cache=0&sync_timestamp=1593072132059&other_urls=https%3A%2F%2Fregistry.npm.taobao.org%2Fjs-base64%2Fdownload%2Fjs-base64-2.6.2.tgz",
      "integrity": "sha1-z5MBvFzHVokqmmyNcTgyLllE+w0="
    },
    "luch-request": {
      "version": "3.0.3",
      "resolved": "https://registry.npm.taobao.org/luch-request/download/luch-request-3.0.3.tgz",
      "integrity": "sha1-Ni4gCEpslfBTo/4sPOULo/O72z4="
    },
    "ms": {
      "version": "2.0.0",
      "resolved": "https://registry.npmjs.org/ms/-/ms-2.0.0.tgz",
      "integrity": "sha1-VgiurfwAvmwpAd9fmGF4jeDVl8g="
    },
    "node-html-parser": {
      "version": "1.2.20",
      "resolved": "https://registry.npm.taobao.org/node-html-parser/download/node-html-parser-1.2.20.tgz?cache=0&sync_timestamp=1592977388895&other_urls=https%3A%2F%2Fregistry.npm.taobao.org%2Fnode-html-parser%2Fdownload%2Fnode-html-parser-1.2.20.tgz",
      "integrity": "sha1-N+nrxifb4/9EbupKyT49JUt8buQ=",
      "requires": {
        "he": "1.1.1"
      }
    },
    "qs": {
      "version": "6.9.4",
      "resolved": "https://registry.npmjs.org/qs/-/qs-6.9.4.tgz",
      "integrity": "sha512-A1kFqHekCTM7cz0udomYUoYNWjBebHm/5wzU/XqrBRBNWectVH0QIiN+NEcZ0Dte5hvzHwbr8+XQmguPhJ6WdQ=="
    },
    "uview-ui": {
      "version": "1.4.5",
      "resolved": "https://registry.npm.taobao.org/uview-ui/download/uview-ui-1.4.5.tgz",
      "integrity": "sha1-M6ILhqxLywHltPTa4pZrB8iYn58="
    }
  }
}
