{
  "name": "viedo-search",
  "version": "0.1.1",
  "lockfileVersion": 1,
  "requires": true,
  "dependencies": {
    "axios": {
      "version": "0.19.2",
      "resolved": "https://registry.npmjs.org/axios/-/axios-0.19.2.tgz",
      "integrity": "sha512-fjgm5MvRHLhx+osE2xoekY70AhARk3a6hkN+3Io1jc00jtquGvxYlKlsFUhmUET0V5te6CcZI7lcv2Ym61mjHA==",
      "requires": {
        "follow-redirects": "1.5.10"
      }
    },
    "debug": {
      "version": "3.1.0",
      "resolved": "https://registry.npmjs.org/debug/-/debug-3.1.0.tgz",
      "integrity": "sha512-OX8XqP7/1a9cqkxYw2yXss15f26NKWBpDXQd0/uK/KPqdQhxbPa994hnzjcE2VqQpDslf55723cKPUOGSmMY3g==",
      "requires": {
        "ms": "2.0.0"
      }
    },
    "deep-is": {
      "version": "0.1.3",
      "resolved": "https://registry.npm.taobao.org/deep-is/download/deep-is-0.1.3.tgz",
      "integrity": "sha1-s2nW+128E+7PUk+RsHD+7cNXzzQ="
    },
    "escodegen": {
      "version": "1.14.2",
      "resolved": "https://registry.npm.taobao.org/escodegen/download/escodegen-1.14.2.tgz?cache=0&other_urls=https%3A%2F%2Fregistry.npm.taobao.org%2Fescodegen%2Fdownload%2Fescodegen-1.14.2.tgz",
      "integrity": "sha1-FKtxv1AmwqoIFzr7oixvMXMoSoQ=",
      "requires": {
        "esprima": "^4.0.1",
        "estraverse": "^4.2.0",
        "esutils": "^2.0.2",
        "optionator": "^0.8.1",
        "source-map": "~0.6.1"
      },
      "dependencies": {
        "esprima": {
          "version": "4.0.1",
          "resolved": "https://registry.npm.taobao.org/esprima/download/esprima-4.0.1.tgz",
          "integrity": "sha1-E7BM2z5sXRnfkatph6hpVhmwqnE="
        }
      }
    },
    "esprima": {
      "version": "1.2.2",
      "resolved": "https://registry.npm.taobao.org/esprima/download/esprima-1.2.2.tgz",
      "integrity": "sha1-dqD9Zvz+FU/SkmZ9wmQBl1CxZXs="
    },
    "estraverse": {
      "version": "4.3.0",
      "resolved": "https://registry.npm.taobao.org/estraverse/download/estraverse-4.3.0.tgz?cache=0&sync_timestamp=1586968779444&other_urls=https%3A%2F%2Fregistry.npm.taobao.org%2Festraverse%2Fdownload%2Festraverse-4.3.0.tgz",
      "integrity": "sha1-OYrT88WiSUi+dyXoPRGn3ijNvR0="
    },
    "esutils": {
      "version": "2.0.3",
      "resolved": "https://registry.npm.taobao.org/esutils/download/esutils-2.0.3.tgz",
      "integrity": "sha1-dNLrTeC42hKTcRkQ1Qd1ubcQ72Q="
    },
    "fast-levenshtein": {
      "version": "2.0.6",
      "resolved": "https://registry.npm.taobao.org/fast-levenshtein/download/fast-levenshtein-2.0.6.tgz",
      "integrity": "sha1-PYpcZog6FqMMqGQ+hR8Zuqd5eRc="
    },
    "follow-redirects": {
      "version": "1.5.10",
      "resolved": "https://registry.npmjs.org/follow-redirects/-/follow-redirects-1.5.10.tgz",
      "integrity": "sha512-0V5l4Cizzvqt5D44aTXbFZz+FtyXV1vrDN6qrelxtfYQKW0KO0W2T/hkE8xvGa/540LkZlkaUjO4ailYTFtHVQ==",
      "requires": {
        "debug": "=3.1.0"
      }
    },
    "he": {
      "version": "1.1.1",
      "resolved": "https://registry.npm.taobao.org/he/download/he-1.1.1.tgz",
      "integrity": "sha1-k0EP0hsAlzUVH4howvJx80J+I/0="
    },
    "http-crawler": {
      "version": "0.1.3",
      "resolved": "https://registry.npmjs.org/http-crawler/-/http-crawler-0.1.3.tgz",
      "integrity": "sha512-sTFbKS9S1bXY/XwfQXjMpqQeWC6CdgqzoTxVM04w2Fy17NrBH7nnfiXHPYw8JjX4pORiIrtgxz3W8P06WGQDPA==",
      "requires": {
        "axios": "^0.19.2",
        "jsonpath": "^1.0.2",
        "node-html-parser": "^1.2.20",
        "qs": "^6.9.4"
      }
    },
    "jmespath": {
      "version": "0.15.0",
      "resolved": "https://registry.npmjs.org/jmespath/-/jmespath-0.15.0.tgz",
      "integrity": "sha1-o/Iiqarp+Wb10nx5ZRDigJF2Qhc="
    },
    "js-base64": {
      "version": "2.6.2",
      "resolved": "https://registry.npm.taobao.org/js-base64/download/js-base64-2.6.2.tgz?cache=0&sync_timestamp=1593072132059&other_urls=https%3A%2F%2Fregistry.npm.taobao.org%2Fjs-base64%2Fdownload%2Fjs-base64-2.6.2.tgz",
      "integrity": "sha1-z5MBvFzHVokqmmyNcTgyLllE+w0="
    },
    "jsonpath": {
      "version": "1.0.2",
      "resolved": "https://registry.npm.taobao.org/jsonpath/download/jsonpath-1.0.2.tgz",
      "integrity": "sha1-5qrmgdA+mne0ZR1dlurF/GOx/RM=",
      "requires": {
        "esprima": "1.2.2",
        "static-eval": "2.0.2",
        "underscore": "1.7.0"
      }
    },
    "levn": {
      "version": "0.3.0",
      "resolved": "https://registry.npm.taobao.org/levn/download/levn-0.3.0.tgz",
      "integrity": "sha1-OwmSTt+fCDwEkP3UwLxEIeBHZO4=",
      "requires": {
        "prelude-ls": "~1.1.2",
        "type-check": "~0.3.2"
      }
    },
    "luch-request": {
      "version": "3.0.3",
      "resolved": "https://registry.npm.taobao.org/luch-request/download/luch-request-3.0.3.tgz",
      "integrity": "sha1-Ni4gCEpslfBTo/4sPOULo/O72z4="
    },
    "ms": {
      "version": "2.0.0",
      "resolved": "https://registry.npmjs.org/ms/-/ms-2.0.0.tgz",
      "integrity": "sha1-VgiurfwAvmwpAd9fmGF4jeDVl8g="
    },
    "node-html-parser": {
      "version": "1.2.20",
      "resolved": "https://registry.npm.taobao.org/node-html-parser/download/node-html-parser-1.2.20.tgz?cache=0&sync_timestamp=1592977388895&other_urls=https%3A%2F%2Fregistry.npm.taobao.org%2Fnode-html-parser%2Fdownload%2Fnode-html-parser-1.2.20.tgz",
      "integrity": "sha1-N+nrxifb4/9EbupKyT49JUt8buQ=",
      "requires": {
        "he": "1.1.1"
      }
    },
    "optionator": {
      "version": "0.8.3",
      "resolved": "https://registry.npm.taobao.org/optionator/download/optionator-0.8.3.tgz?cache=0&sync_timestamp=1585966141328&other_urls=https%3A%2F%2Fregistry.npm.taobao.org%2Foptionator%2Fdownload%2Foptionator-0.8.3.tgz",
      "integrity": "sha1-hPodA2/p08fiHZmIS2ARZ+yPtJU=",
      "requires": {
        "deep-is": "~0.1.3",
        "fast-levenshtein": "~2.0.6",
        "levn": "~0.3.0",
        "prelude-ls": "~1.1.2",
        "type-check": "~0.3.2",
        "word-wrap": "~1.2.3"
      }
    },
    "prelude-ls": {
      "version": "1.1.2",
      "resolved": "https://registry.npm.taobao.org/prelude-ls/download/prelude-ls-1.1.2.tgz",
      "integrity": "sha1-IZMqVJ9eUv/ZqCf1cOBL5iqX2lQ="
    },
    "qs": {
      "version": "6.9.4",
      "resolved": "https://registry.npmjs.org/qs/-/qs-6.9.4.tgz",
      "integrity": "sha512-A1kFqHekCTM7cz0udomYUoYNWjBebHm/5wzU/XqrBRBNWectVH0QIiN+NEcZ0Dte5hvzHwbr8+XQmguPhJ6WdQ=="
    },
    "source-map": {
      "version": "0.6.1",
      "resolved": "https://registry.npm.taobao.org/source-map/download/source-map-0.6.1.tgz",
      "integrity": "sha1-dHIq8y6WFOnCh6jQu95IteLxomM=",
      "optional": true
    },
    "static-eval": {
      "version": "2.0.2",
      "resolved": "https://registry.npm.taobao.org/static-eval/download/static-eval-2.0.2.tgz?cache=0&sync_timestamp=1592217615196&other_urls=https%3A%2F%2Fregistry.npm.taobao.org%2Fstatic-eval%2Fdownload%2Fstatic-eval-2.0.2.tgz",
      "integrity": "sha1-LRdZMGsb76aIk4RUxUa3hx+AakI=",
      "requires": {
        "escodegen": "^1.8.1"
      }
    },
    "type-check": {
      "version": "0.3.2",
      "resolved": "https://registry.npm.taobao.org/type-check/download/type-check-0.3.2.tgz?cache=0&sync_timestamp=1585882977555&other_urls=https%3A%2F%2Fregistry.npm.taobao.org%2Ftype-check%2Fdownload%2Ftype-check-0.3.2.tgz",
      "integrity": "sha1-WITKtRLPHTVeP7eE8wgEsrUg23I=",
      "requires": {
        "prelude-ls": "~1.1.2"
      }
    },
    "underscore": {
      "version": "1.7.0",
      "resolved": "https://registry.npm.taobao.org/underscore/download/underscore-1.7.0.tgz",
      "integrity": "sha1-a7rwh3UA02vjTsqlhODbn+8DUgk="
    },
    "uview-ui": {
      "version": "1.4.5",
      "resolved": "https://registry.npm.taobao.org/uview-ui/download/uview-ui-1.4.5.tgz",
      "integrity": "sha1-M6ILhqxLywHltPTa4pZrB8iYn58="
    },
    "word-wrap": {
      "version": "1.2.3",
      "resolved": "https://registry.npm.taobao.org/word-wrap/download/word-wrap-1.2.3.tgz",
      "integrity": "sha1-YQY29rH3A4kb00dxzLF/uTtHB5w="
    }
  }
}
